
Microsoft Visual Studio Solution File, Format Version 12.00
# Visual Studio Version 16
VisualStudioVersion = 16.0.809.4
MinimumVisualStudioVersion = 10.0.40219.1
Project("{FAE04EC0-301F-11D3-BF4B-00C04F79EFBC}") = "UIPractice.Android", "UIPractice.Android\UIPractice.Android.csproj", "{0391253A-7536-4D42-8249-2FED67ABFBBF}"
EndProject
Project("{FAE04EC0-301F-11D3-BF4B-00C04F79EFBC}") = "UIPractice.iOS", "UIPractice.iOS\UIPractice.iOS.csproj", "{D6B5E7EF-A288-4777-9EF1-52717541D192}"
EndProject
Project("{FAE04EC0-301F-11D3-BF4B-00C04F79EFBC}") = "UIPractice", "UIPractice\UIPractice.csproj", "{A011BE1F-7F84-4C0D-803D-12514D6EECA0}"
EndProject
Global
	GlobalSection(SolutionConfigurationPlatforms) = preSolution
		Debug|Any CPU = Debug|Any CPU
		Release|Any CPU = Release|Any CPU
		Debug|iPhoneSimulator = Debug|iPhoneSimulator
		Release|iPhoneSimulator = Release|iPhoneSimulator
		Debug|iPhone = Debug|iPhone
		Release|iPhone = Release|iPhone
	EndGlobalSection
	GlobalSection(ProjectConfigurationPlatforms) = postSolution
		{0391253A-7536-4D42-8249-2FED67ABFBBF}.Debug|Any CPU.ActiveCfg = Debug|Any CPU
		{0391253A-7536-4D42-8249-2FED67ABFBBF}.Debug|Any CPU.Build.0 = Debug|Any CPU
		{0391253A-7536-4D42-8249-2FED67ABFBBF}.Release|Any CPU.ActiveCfg = Release|Any CPU
		{0391253A-7536-4D42-8249-2FED67ABFBBF}.Release|Any CPU.Build.0 = Release|Any CPU
		{0391253A-7536-4D42-8249-2FED67ABFBBF}.Debug|iPhoneSimulator.ActiveCfg = Debug|Any CPU
		{0391253A-7536-4D42-8249-2FED67ABFBBF}.Debug|iPhoneSimulator.Build.0 = Debug|Any CPU
		{0391253A-7536-4D42-8249-2FED67ABFBBF}.Release|iPhoneSimulator.ActiveCfg = Release|Any CPU
		{0391253A-7536-4D42-8249-2FED67ABFBBF}.Release|iPhoneSimulator.Build.0 = Release|Any CPU
		{0391253A-7536-4D42-8249-2FED67ABFBBF}.Debug|iPhone.ActiveCfg = Debug|Any CPU
		{0391253A-7536-4D42-8249-2FED67ABFBBF}.Debug|iPhone.Build.0 = Debug|Any CPU
		{0391253A-7536-4D42-8249-2FED67ABFBBF}.Release|iPhone.ActiveCfg = Release|Any CPU
		{0391253A-7536-4D42-8249-2FED67ABFBBF}.Release|iPhone.Build.0 = Release|Any CPU
		{D6B5E7EF-A288-4777-9EF1-52717541D192}.Debug|Any CPU.ActiveCfg = Debug|iPhoneSimulator
		{D6B5E7EF-A288-4777-9EF1-52717541D192}.Debug|Any CPU.Build.0 = Debug|iPhoneSimulator
		{D6B5E7EF-A288-4777-9EF1-52717541D192}.Release|Any CPU.ActiveCfg = Release|iPhoneSimulator
		{D6B5E7EF-A288-4777-9EF1-52717541D192}.Release|Any CPU.Build.0 = Release|iPhoneSimulator
		{D6B5E7EF-A288-4777-9EF1-52717541D192}.Debug|iPhoneSimulator.ActiveCfg = Debug|iPhoneSimulator
		{D6B5E7EF-A288-4777-9EF1-52717541D192}.Debug|iPhoneSimulator.Build.0 = Debug|iPhoneSimulator
		{D6B5E7EF-A288-4777-9EF1-52717541D192}.Release|iPhoneSimulator.ActiveCfg = Release|iPhoneSimulator
		{D6B5E7EF-A288-4777-9EF1-52717541D192}.Release|iPhoneSimulator.Build.0 = Release|iPhoneSimulator
		{D6B5E7EF-A288-4777-9EF1-52717541D192}.Debug|iPhone.ActiveCfg = Debug|iPhone
		{D6B5E7EF-A288-4777-9EF1-52717541D192}.Debug|iPhone.Build.0 = Debug|iPhone
		{D6B5E7EF-A288-4777-9EF1-52717541D192}.Release|iPhone.ActiveCfg = Release|iPhone
		{D6B5E7EF-A288-4777-9EF1-52717541D192}.Release|iPhone.Build.0 = Release|iPhone
		{A011BE1F-7F84-4C0D-803D-12514D6EECA0}.Debug|Any CPU.ActiveCfg = Debug|Any CPU
		{A011BE1F-7F84-4C0D-803D-12514D6EECA0}.Debug|Any CPU.Build.0 = Debug|Any CPU
		{A011BE1F-7F84-4C0D-803D-12514D6EECA0}.Release|Any CPU.ActiveCfg = Release|Any CPU
		{A011BE1F-7F84-4C0D-803D-12514D6EECA0}.Release|Any CPU.Build.0 = Release|Any CPU
		{A011BE1F-7F84-4C0D-803D-12514D6EECA0}.Debug|iPhoneSimulator.ActiveCfg = Debug|Any CPU
		{A011BE1F-7F84-4C0D-803D-12514D6EECA0}.Debug|iPhoneSimulator.Build.0 = Debug|Any CPU
		{A011BE1F-7F84-4C0D-803D-12514D6EECA0}.Release|iPhoneSimulator.ActiveCfg = Release|Any CPU
		{A011BE1F-7F84-4C0D-803D-12514D6EECA0}.Release|iPhoneSimulator.Build.0 = Release|Any CPU
		{A011BE1F-7F84-4C0D-803D-12514D6EECA0}.Debug|iPhone.ActiveCfg = Debug|Any CPU
		{A011BE1F-7F84-4C0D-803D-12514D6EECA0}.Debug|iPhone.Build.0 = Debug|Any CPU
		{A011BE1F-7F84-4C0D-803D-12514D6EECA0}.Release|iPhone.ActiveCfg = Release|Any CPU
		{A011BE1F-7F84-4C0D-803D-12514D6EECA0}.Release|iPhone.Build.0 = Release|Any CPU
	EndGlobalSection
	GlobalSection(SolutionProperties) = preSolution
		HideSolutionNode = FALSE
	EndGlobalSection
	GlobalSection(ExtensibilityGlobals) = postSolution
		SolutionGuid = {71953B78-87E4-47FB-A05B-2AF556360871}
	EndGlobalSection
EndGlobal
