
Microsoft Visual Studio Solution File, Format Version 12.00
# Visual Studio Version 16
VisualStudioVersion = 16.0.809.4
MinimumVisualStudioVersion = 10.0.40219.1
Project("{FAE04EC0-301F-11D3-BF4B-00C04F79EFBC}") = "ExtraPoints.Android", "ExtraPoints.Android\ExtraPoints.Android.csproj", "{A8CD16AF-1223-4865-BF1A-81FB5EC03253}"
EndProject
Project("{FAE04EC0-301F-11D3-BF4B-00C04F79EFBC}") = "ExtraPoints.iOS", "ExtraPoints.iOS\ExtraPoints.iOS.csproj", "{38918278-0C50-4055-B02F-106105BABD05}"
EndProject
Project("{FAE04EC0-301F-11D3-BF4B-00C04F79EFBC}") = "ExtraPoints", "ExtraPoints\ExtraPoints.csproj", "{29042841-3D54-4A6B-A422-9F032C52FD0C}"
EndProject
Global
	GlobalSection(SolutionConfigurationPlatforms) = preSolution
		Debug|Any CPU = Debug|Any CPU
		Release|Any CPU = Release|Any CPU
		Debug|iPhoneSimulator = Debug|iPhoneSimulator
		Release|iPhoneSimulator = Release|iPhoneSimulator
		Debug|iPhone = Debug|iPhone
		Release|iPhone = Release|iPhone
	EndGlobalSection
	GlobalSection(ProjectConfigurationPlatforms) = postSolution
		{A8CD16AF-1223-4865-BF1A-81FB5EC03253}.Debug|Any CPU.ActiveCfg = Debug|Any CPU
		{A8CD16AF-1223-4865-BF1A-81FB5EC03253}.Debug|Any CPU.Build.0 = Debug|Any CPU
		{A8CD16AF-1223-4865-BF1A-81FB5EC03253}.Release|Any CPU.ActiveCfg = Release|Any CPU
		{A8CD16AF-1223-4865-BF1A-81FB5EC03253}.Release|Any CPU.Build.0 = Release|Any CPU
		{A8CD16AF-1223-4865-BF1A-81FB5EC03253}.Debug|iPhoneSimulator.ActiveCfg = Debug|Any CPU
		{A8CD16AF-1223-4865-BF1A-81FB5EC03253}.Debug|iPhoneSimulator.Build.0 = Debug|Any CPU
		{A8CD16AF-1223-4865-BF1A-81FB5EC03253}.Release|iPhoneSimulator.ActiveCfg = Release|Any CPU
		{A8CD16AF-1223-4865-BF1A-81FB5EC03253}.Release|iPhoneSimulator.Build.0 = Release|Any CPU
		{A8CD16AF-1223-4865-BF1A-81FB5EC03253}.Debug|iPhone.ActiveCfg = Debug|Any CPU
		{A8CD16AF-1223-4865-BF1A-81FB5EC03253}.Debug|iPhone.Build.0 = Debug|Any CPU
		{A8CD16AF-1223-4865-BF1A-81FB5EC03253}.Release|iPhone.ActiveCfg = Release|Any CPU
		{A8CD16AF-1223-4865-BF1A-81FB5EC03253}.Release|iPhone.Build.0 = Release|Any CPU
		{38918278-0C50-4055-B02F-106105BABD05}.Debug|Any CPU.ActiveCfg = Debug|iPhoneSimulator
		{38918278-0C50-4055-B02F-106105BABD05}.Debug|Any CPU.Build.0 = Debug|iPhoneSimulator
		{38918278-0C50-4055-B02F-106105BABD05}.Release|Any CPU.ActiveCfg = Release|iPhoneSimulator
		{38918278-0C50-4055-B02F-106105BABD05}.Release|Any CPU.Build.0 = Release|iPhoneSimulator
		{38918278-0C50-4055-B02F-106105BABD05}.Debug|iPhoneSimulator.ActiveCfg = Debug|iPhoneSimulator
		{38918278-0C50-4055-B02F-106105BABD05}.Debug|iPhoneSimulator.Build.0 = Debug|iPhoneSimulator
		{38918278-0C50-4055-B02F-106105BABD05}.Release|iPhoneSimulator.ActiveCfg = Release|iPhoneSimulator
		{38918278-0C50-4055-B02F-106105BABD05}.Release|iPhoneSimulator.Build.0 = Release|iPhoneSimulator
		{38918278-0C50-4055-B02F-106105BABD05}.Debug|iPhone.ActiveCfg = Debug|iPhone
		{38918278-0C50-4055-B02F-106105BABD05}.Debug|iPhone.Build.0 = Debug|iPhone
		{38918278-0C50-4055-B02F-106105BABD05}.Release|iPhone.ActiveCfg = Release|iPhone
		{38918278-0C50-4055-B02F-106105BABD05}.Release|iPhone.Build.0 = Release|iPhone
		{29042841-3D54-4A6B-A422-9F032C52FD0C}.Debug|Any CPU.ActiveCfg = Debug|Any CPU
		{29042841-3D54-4A6B-A422-9F032C52FD0C}.Debug|Any CPU.Build.0 = Debug|Any CPU
		{29042841-3D54-4A6B-A422-9F032C52FD0C}.Release|Any CPU.ActiveCfg = Release|Any CPU
		{29042841-3D54-4A6B-A422-9F032C52FD0C}.Release|Any CPU.Build.0 = Release|Any CPU
		{29042841-3D54-4A6B-A422-9F032C52FD0C}.Debug|iPhoneSimulator.ActiveCfg = Debug|Any CPU
		{29042841-3D54-4A6B-A422-9F032C52FD0C}.Debug|iPhoneSimulator.Build.0 = Debug|Any CPU
		{29042841-3D54-4A6B-A422-9F032C52FD0C}.Release|iPhoneSimulator.ActiveCfg = Release|Any CPU
		{29042841-3D54-4A6B-A422-9F032C52FD0C}.Release|iPhoneSimulator.Build.0 = Release|Any CPU
		{29042841-3D54-4A6B-A422-9F032C52FD0C}.Debug|iPhone.ActiveCfg = Debug|Any CPU
		{29042841-3D54-4A6B-A422-9F032C52FD0C}.Debug|iPhone.Build.0 = Debug|Any CPU
		{29042841-3D54-4A6B-A422-9F032C52FD0C}.Release|iPhone.ActiveCfg = Release|Any CPU
		{29042841-3D54-4A6B-A422-9F032C52FD0C}.Release|iPhone.Build.0 = Release|Any CPU
	EndGlobalSection
	GlobalSection(SolutionProperties) = preSolution
		HideSolutionNode = FALSE
	EndGlobalSection
	GlobalSection(ExtensibilityGlobals) = postSolution
		SolutionGuid = {E6910A1F-DF06-4F8F-91E2-37F6F3DAF874}
	EndGlobalSection
EndGlobal
